# This file is automatically @generated by Cargo.
# It is not intended for manual editing.
version = 4

[[package]]
name = "photo-core"
version = "0.1.0"

[[package]]
name = "photo-deflate"
version = "0.1.0"
dependencies = [
 "photo-core",
]

[[package]]
name = "photo-icc"
version = "0.1.0"
dependencies = [
 "photo-core",
]

[[package]]
name = "photo-jpeg"
version = "0.1.0"
dependencies = [
 "photo-core",
]

[[package]]
name = "photo-png"
version = "0.1.0"
dependencies = [
 "photo-core",
 "photo-deflate",
]
